
Microsoft Visual Studio Solution File, Format Version 12.00
# Visual Studio Version 17
VisualStudioVersion = 17.13.35931.197 d17.13
MinimumVisualStudioVersion = 10.0.40219.1
Project("{FAE04EC0-301F-11D3-BF4B-00C04F79EFBC}") = "MauiAppTempoAgora", "MauiAppTempoAgora\MauiAppTempoAgora.csproj", "{01D1E1DF-6F2E-4E29-9D70-4420C44B0C26}"
EndProject
Global
	GlobalSection(SolutionConfigurationPlatforms) = preSolution
		Debug|Any CPU = Debug|Any CPU
		Release|Any CPU = Release|Any CPU
	EndGlobalSection
	GlobalSection(ProjectConfigurationPlatforms) = postSolution
		{01D1E1DF-6F2E-4E29-9D70-4420C44B0C26}.Debug|Any CPU.ActiveCfg = Debug|Any CPU
		{01D1E1DF-6F2E-4E29-9D70-4420C44B0C26}.Debug|Any CPU.Build.0 = Debug|Any CPU
		{01D1E1DF-6F2E-4E29-9D70-4420C44B0C26}.Debug|Any CPU.Deploy.0 = Debug|Any CPU
		{01D1E1DF-6F2E-4E29-9D70-4420C44B0C26}.Release|Any CPU.ActiveCfg = Release|Any CPU
		{01D1E1DF-6F2E-4E29-9D70-4420C44B0C26}.Release|Any CPU.Build.0 = Release|Any CPU
		{01D1E1DF-6F2E-4E29-9D70-4420C44B0C26}.Release|Any CPU.Deploy.0 = Release|Any CPU
	EndGlobalSection
	GlobalSection(SolutionProperties) = preSolution
		HideSolutionNode = FALSE
	EndGlobalSection
	GlobalSection(ExtensibilityGlobals) = postSolution
		SolutionGuid = {492714E5-5A57-4784-9FA7-0C72A4300B5E}
	EndGlobalSection
EndGlobal
